
Microsoft Visual Studio Solution File, Format Version 12.00
# Visual Studio 15
VisualStudioVersion = 15.0.28307.539
MinimumVisualStudioVersion = 10.0.40219.1
Project("{FAE04EC0-301F-11D3-BF4B-00C04F79EFBC}") = "LeagueOfArcher.Android", "LeagueOfArcher\LeagueOfArcher.Android\LeagueOfArcher.Android.csproj", "{BFD74925-45DA-4337-B6B9-D94552302A0A}"
EndProject
Project("{FAE04EC0-301F-11D3-BF4B-00C04F79EFBC}") = "LeagueOfArcher.iOS", "LeagueOfArcher\LeagueOfArcher.iOS\LeagueOfArcher.iOS.csproj", "{AEDBCD59-1F99-4873-849C-00BCB1B8D1D8}"
EndProject
Project("{FAE04EC0-301F-11D3-BF4B-00C04F79EFBC}") = "LeagueOfArcher.UWP", "LeagueOfArcher\LeagueOfArcher.UWP\LeagueOfArcher.UWP.csproj", "{8D06945F-5ED3-4207-956B-62A304FCBC13}"
EndProject
Project("{9A19103F-16F7-4668-BE54-9A1E7A4F7556}") = "LeagueOfArcher", "LeagueOfArcher\LeagueOfArcher\LeagueOfArcher.csproj", "{C9AAA88E-496F-4E77-8293-587C9A6B5348}"
EndProject
Global
	GlobalSection(SolutionConfigurationPlatforms) = preSolution
		Ad-Hoc|Any CPU = Ad-Hoc|Any CPU
		Ad-Hoc|ARM = Ad-Hoc|ARM
		Ad-Hoc|iPhone = Ad-Hoc|iPhone
		Ad-Hoc|iPhoneSimulator = Ad-Hoc|iPhoneSimulator
		Ad-Hoc|x64 = Ad-Hoc|x64
		Ad-Hoc|x86 = Ad-Hoc|x86
		AppStore|Any CPU = AppStore|Any CPU
		AppStore|ARM = AppStore|ARM
		AppStore|iPhone = AppStore|iPhone
		AppStore|iPhoneSimulator = AppStore|iPhoneSimulator
		AppStore|x64 = AppStore|x64
		AppStore|x86 = AppStore|x86
		Debug|Any CPU = Debug|Any CPU
		Debug|ARM = Debug|ARM
		Debug|iPhone = Debug|iPhone
		Debug|iPhoneSimulator = Debug|iPhoneSimulator
		Debug|x64 = Debug|x64
		Debug|x86 = Debug|x86
		Release|Any CPU = Release|Any CPU
		Release|ARM = Release|ARM
		Release|iPhone = Release|iPhone
		Release|iPhoneSimulator = Release|iPhoneSimulator
		Release|x64 = Release|x64
		Release|x86 = Release|x86
	EndGlobalSection
	GlobalSection(ProjectConfigurationPlatforms) = postSolution
		{BFD74925-45DA-4337-B6B9-D94552302A0A}.Ad-Hoc|Any CPU.ActiveCfg = Release|Any CPU
		{BFD74925-45DA-4337-B6B9-D94552302A0A}.Ad-Hoc|Any CPU.Build.0 = Release|Any CPU
		{BFD74925-45DA-4337-B6B9-D94552302A0A}.Ad-Hoc|Any CPU.Deploy.0 = Release|Any CPU
		{BFD74925-45DA-4337-B6B9-D94552302A0A}.Ad-Hoc|ARM.ActiveCfg = Release|Any CPU
		{BFD74925-45DA-4337-B6B9-D94552302A0A}.Ad-Hoc|ARM.Build.0 = Release|Any CPU
		{BFD74925-45DA-4337-B6B9-D94552302A0A}.Ad-Hoc|ARM.Deploy.0 = Release|Any CPU
		{BFD74925-45DA-4337-B6B9-D94552302A0A}.Ad-Hoc|iPhone.ActiveCfg = Release|Any CPU
		{BFD74925-45DA-4337-B6B9-D94552302A0A}.Ad-Hoc|iPhone.Build.0 = Release|Any CPU
		{BFD74925-45DA-4337-B6B9-D94552302A0A}.Ad-Hoc|iPhone.Deploy.0 = Release|Any CPU
		{BFD74925-45DA-4337-B6B9-D94552302A0A}.Ad-Hoc|iPhoneSimulator.ActiveCfg = Release|Any CPU
		{BFD74925-45DA-4337-B6B9-D94552302A0A}.Ad-Hoc|iPhoneSimulator.Build.0 = Release|Any CPU
		{BFD74925-45DA-4337-B6B9-D94552302A0A}.Ad-Hoc|iPhoneSimulator.Deploy.0 = Release|Any CPU
		{BFD74925-45DA-4337-B6B9-D94552302A0A}.Ad-Hoc|x64.ActiveCfg = Release|Any CPU
		{BFD74925-45DA-4337-B6B9-D94552302A0A}.Ad-Hoc|x64.Build.0 = Release|Any CPU
		{BFD74925-45DA-4337-B6B9-D94552302A0A}.Ad-Hoc|x64.Deploy.0 = Release|Any CPU
		{BFD74925-45DA-4337-B6B9-D94552302A0A}.Ad-Hoc|x86.ActiveCfg = Release|Any CPU
		{BFD74925-45DA-4337-B6B9-D94552302A0A}.Ad-Hoc|x86.Build.0 = Release|Any CPU
		{BFD74925-45DA-4337-B6B9-D94552302A0A}.Ad-Hoc|x86.Deploy.0 = Release|Any CPU
		{BFD74925-45DA-4337-B6B9-D94552302A0A}.AppStore|Any CPU.ActiveCfg = Release|Any CPU
		{BFD74925-45DA-4337-B6B9-D94552302A0A}.AppStore|Any CPU.Build.0 = Release|Any CPU
		{BFD74925-45DA-4337-B6B9-D94552302A0A}.AppStore|Any CPU.Deploy.0 = Release|Any CPU
		{BFD74925-45DA-4337-B6B9-D94552302A0A}.AppStore|ARM.ActiveCfg = Release|Any CPU
		{BFD74925-45DA-4337-B6B9-D94552302A0A}.AppStore|ARM.Build.0 = Release|Any CPU
		{BFD74925-45DA-4337-B6B9-D94552302A0A}.AppStore|ARM.Deploy.0 = Release|Any CPU
		{BFD74925-45DA-4337-B6B9-D94552302A0A}.AppStore|iPhone.ActiveCfg = Release|Any CPU
		{BFD74925-45DA-4337-B6B9-D94552302A0A}.AppStore|iPhone.Build.0 = Release|Any CPU
		{BFD74925-45DA-4337-B6B9-D94552302A0A}.AppStore|iPhone.Deploy.0 = Release|Any CPU
		{BFD74925-45DA-4337-B6B9-D94552302A0A}.AppStore|iPhoneSimulator.ActiveCfg = Release|Any CPU
		{BFD74925-45DA-4337-B6B9-D94552302A0A}.AppStore|iPhoneSimulator.Build.0 = Release|Any CPU
		{BFD74925-45DA-4337-B6B9-D94552302A0A}.AppStore|iPhoneSimulator.Deploy.0 = Release|Any CPU
		{BFD74925-45DA-4337-B6B9-D94552302A0A}.AppStore|x64.ActiveCfg = Release|Any CPU
		{BFD74925-45DA-4337-B6B9-D94552302A0A}.AppStore|x64.Build.0 = Release|Any CPU
		{BFD74925-45DA-4337-B6B9-D94552302A0A}.AppStore|x64.Deploy.0 = Release|Any CPU
		{BFD74925-45DA-4337-B6B9-D94552302A0A}.AppStore|x86.ActiveCfg = Release|Any CPU
		{BFD74925-45DA-4337-B6B9-D94552302A0A}.AppStore|x86.Build.0 = Release|Any CPU
		{BFD74925-45DA-4337-B6B9-D94552302A0A}.AppStore|x86.Deploy.0 = Release|Any CPU
		{BFD74925-45DA-4337-B6B9-D94552302A0A}.Debug|Any CPU.ActiveCfg = Debug|Any CPU
		{BFD74925-45DA-4337-B6B9-D94552302A0A}.Debug|Any CPU.Build.0 = Debug|Any CPU
		{BFD74925-45DA-4337-B6B9-D94552302A0A}.Debug|Any CPU.Deploy.0 = Debug|Any CPU
		{BFD74925-45DA-4337-B6B9-D94552302A0A}.Debug|ARM.ActiveCfg = Debug|Any CPU
		{BFD74925-45DA-4337-B6B9-D94552302A0A}.Debug|ARM.Build.0 = Debug|Any CPU
		{BFD74925-45DA-4337-B6B9-D94552302A0A}.Debug|ARM.Deploy.0 = Debug|Any CPU
		{BFD74925-45DA-4337-B6B9-D94552302A0A}.Debug|iPhone.ActiveCfg = Debug|Any CPU
		{BFD74925-45DA-4337-B6B9-D94552302A0A}.Debug|iPhone.Build.0 = Debug|Any CPU
		{BFD74925-45DA-4337-B6B9-D94552302A0A}.Debug|iPhone.Deploy.0 = Debug|Any CPU
		{BFD74925-45DA-4337-B6B9-D94552302A0A}.Debug|iPhoneSimulator.ActiveCfg = Debug|Any CPU
		{BFD74925-45DA-4337-B6B9-D94552302A0A}.Debug|iPhoneSimulator.Build.0 = Debug|Any CPU
		{BFD74925-45DA-4337-B6B9-D94552302A0A}.Debug|iPhoneSimulator.Deploy.0 = Debug|Any CPU
		{BFD74925-45DA-4337-B6B9-D94552302A0A}.Debug|x64.ActiveCfg = Debug|Any CPU
		{BFD74925-45DA-4337-B6B9-D94552302A0A}.Debug|x64.Build.0 = Debug|Any CPU
		{BFD74925-45DA-4337-B6B9-D94552302A0A}.Debug|x64.Deploy.0 = Debug|Any CPU
		{BFD74925-45DA-4337-B6B9-D94552302A0A}.Debug|x86.ActiveCfg = Debug|Any CPU
		{BFD74925-45DA-4337-B6B9-D94552302A0A}.Debug|x86.Build.0 = Debug|Any CPU
		{BFD74925-45DA-4337-B6B9-D94552302A0A}.Debug|x86.Deploy.0 = Debug|Any CPU
		{BFD74925-45DA-4337-B6B9-D94552302A0A}.Release|Any CPU.ActiveCfg = Release|Any CPU
		{BFD74925-45DA-4337-B6B9-D94552302A0A}.Release|Any CPU.Build.0 = Release|Any CPU
		{BFD74925-45DA-4337-B6B9-D94552302A0A}.Release|Any CPU.Deploy.0 = Release|Any CPU
		{BFD74925-45DA-4337-B6B9-D94552302A0A}.Release|ARM.ActiveCfg = Release|Any CPU
		{BFD74925-45DA-4337-B6B9-D94552302A0A}.Release|ARM.Build.0 = Release|Any CPU
		{BFD74925-45DA-4337-B6B9-D94552302A0A}.Release|ARM.Deploy.0 = Release|Any CPU
		{BFD74925-45DA-4337-B6B9-D94552302A0A}.Release|iPhone.ActiveCfg = Release|Any CPU
		{BFD74925-45DA-4337-B6B9-D94552302A0A}.Release|iPhone.Build.0 = Release|Any CPU
		{BFD74925-45DA-4337-B6B9-D94552302A0A}.Release|iPhone.Deploy.0 = Release|Any CPU
		{BFD74925-45DA-4337-B6B9-D94552302A0A}.Release|iPhoneSimulator.ActiveCfg = Release|Any CPU
		{BFD74925-45DA-4337-B6B9-D94552302A0A}.Release|iPhoneSimulator.Build.0 = Release|Any CPU
		{BFD74925-45DA-4337-B6B9-D94552302A0A}.Release|iPhoneSimulator.Deploy.0 = Release|Any CPU
		{BFD74925-45DA-4337-B6B9-D94552302A0A}.Release|x64.ActiveCfg = Release|Any CPU
		{BFD74925-45DA-4337-B6B9-D94552302A0A}.Release|x64.Build.0 = Release|Any CPU
		{BFD74925-45DA-4337-B6B9-D94552302A0A}.Release|x64.Deploy.0 = Release|Any CPU
		{BFD74925-45DA-4337-B6B9-D94552302A0A}.Release|x86.ActiveCfg = Release|Any CPU
		{BFD74925-45DA-4337-B6B9-D94552302A0A}.Release|x86.Build.0 = Release|Any CPU
		{BFD74925-45DA-4337-B6B9-D94552302A0A}.Release|x86.Deploy.0 = Release|Any CPU
		{AEDBCD59-1F99-4873-849C-00BCB1B8D1D8}.Ad-Hoc|Any CPU.ActiveCfg = Ad-Hoc|iPhone
		{AEDBCD59-1F99-4873-849C-00BCB1B8D1D8}.Ad-Hoc|Any CPU.Build.0 = Ad-Hoc|iPhone
		{AEDBCD59-1F99-4873-849C-00BCB1B8D1D8}.Ad-Hoc|Any CPU.Deploy.0 = Ad-Hoc|iPhone
		{AEDBCD59-1F99-4873-849C-00BCB1B8D1D8}.Ad-Hoc|ARM.ActiveCfg = Ad-Hoc|iPhone
		{AEDBCD59-1F99-4873-849C-00BCB1B8D1D8}.Ad-Hoc|ARM.Build.0 = Ad-Hoc|iPhone
		{AEDBCD59-1F99-4873-849C-00BCB1B8D1D8}.Ad-Hoc|ARM.Deploy.0 = Ad-Hoc|iPhone
		{AEDBCD59-1F99-4873-849C-00BCB1B8D1D8}.Ad-Hoc|iPhone.ActiveCfg = Ad-Hoc|iPhone
		{AEDBCD59-1F99-4873-849C-00BCB1B8D1D8}.Ad-Hoc|iPhone.Build.0 = Ad-Hoc|iPhone
		{AEDBCD59-1F99-4873-849C-00BCB1B8D1D8}.Ad-Hoc|iPhone.Deploy.0 = Ad-Hoc|iPhone
		{AEDBCD59-1F99-4873-849C-00BCB1B8D1D8}.Ad-Hoc|iPhoneSimulator.ActiveCfg = Ad-Hoc|iPhoneSimulator
		{AEDBCD59-1F99-4873-849C-00BCB1B8D1D8}.Ad-Hoc|iPhoneSimulator.Build.0 = Ad-Hoc|iPhoneSimulator
		{AEDBCD59-1F99-4873-849C-00BCB1B8D1D8}.Ad-Hoc|iPhoneSimulator.Deploy.0 = Ad-Hoc|iPhoneSimulator
		{AEDBCD59-1F99-4873-849C-00BCB1B8D1D8}.Ad-Hoc|x64.ActiveCfg = Ad-Hoc|iPhone
		{AEDBCD59-1F99-4873-849C-00BCB1B8D1D8}.Ad-Hoc|x64.Build.0 = Ad-Hoc|iPhone
		{AEDBCD59-1F99-4873-849C-00BCB1B8D1D8}.Ad-Hoc|x64.Deploy.0 = Ad-Hoc|iPhone
		{AEDBCD59-1F99-4873-849C-00BCB1B8D1D8}.Ad-Hoc|x86.ActiveCfg = Ad-Hoc|iPhone
		{AEDBCD59-1F99-4873-849C-00BCB1B8D1D8}.Ad-Hoc|x86.Build.0 = Ad-Hoc|iPhone
		{AEDBCD59-1F99-4873-849C-00BCB1B8D1D8}.Ad-Hoc|x86.Deploy.0 = Ad-Hoc|iPhone
		{AEDBCD59-1F99-4873-849C-00BCB1B8D1D8}.AppStore|Any CPU.ActiveCfg = AppStore|iPhone
		{AEDBCD59-1F99-4873-849C-00BCB1B8D1D8}.AppStore|Any CPU.Build.0 = AppStore|iPhone
		{AEDBCD59-1F99-4873-849C-00BCB1B8D1D8}.AppStore|Any CPU.Deploy.0 = AppStore|iPhone
		{AEDBCD59-1F99-4873-849C-00BCB1B8D1D8}.AppStore|ARM.ActiveCfg = AppStore|iPhone
		{AEDBCD59-1F99-4873-849C-00BCB1B8D1D8}.AppStore|ARM.Build.0 = AppStore|iPhone
		{AEDBCD59-1F99-4873-849C-00BCB1B8D1D8}.AppStore|ARM.Deploy.0 = AppStore|iPhone
		{AEDBCD59-1F99-4873-849C-00BCB1B8D1D8}.AppStore|iPhone.ActiveCfg = AppStore|iPhone
		{AEDBCD59-1F99-4873-849C-00BCB1B8D1D8}.AppStore|iPhone.Build.0 = AppStore|iPhone
		{AEDBCD59-1F99-4873-849C-00BCB1B8D1D8}.AppStore|iPhone.Deploy.0 = AppStore|iPhone
		{AEDBCD59-1F99-4873-849C-00BCB1B8D1D8}.AppStore|iPhoneSimulator.ActiveCfg = AppStore|iPhoneSimulator
		{AEDBCD59-1F99-4873-849C-00BCB1B8D1D8}.AppStore|iPhoneSimulator.Build.0 = AppStore|iPhoneSimulator
		{AEDBCD59-1F99-4873-849C-00BCB1B8D1D8}.AppStore|iPhoneSimulator.Deploy.0 = AppStore|iPhoneSimulator
		{AEDBCD59-1F99-4873-849C-00BCB1B8D1D8}.AppStore|x64.ActiveCfg = AppStore|iPhone
		{AEDBCD59-1F99-4873-849C-00BCB1B8D1D8}.AppStore|x64.Build.0 = AppStore|iPhone
		{AEDBCD59-1F99-4873-849C-00BCB1B8D1D8}.AppStore|x64.Deploy.0 = AppStore|iPhone
		{AEDBCD59-1F99-4873-849C-00BCB1B8D1D8}.AppStore|x86.ActiveCfg = AppStore|iPhone
		{AEDBCD59-1F99-4873-849C-00BCB1B8D1D8}.AppStore|x86.Build.0 = AppStore|iPhone
		{AEDBCD59-1F99-4873-849C-00BCB1B8D1D8}.AppStore|x86.Deploy.0 = AppStore|iPhone
		{AEDBCD59-1F99-4873-849C-00BCB1B8D1D8}.Debug|Any CPU.ActiveCfg = Debug|iPhoneSimulator
		{AEDBCD59-1F99-4873-849C-00BCB1B8D1D8}.Debug|Any CPU.Build.0 = Debug|iPhoneSimulator
		{AEDBCD59-1F99-4873-849C-00BCB1B8D1D8}.Debug|Any CPU.Deploy.0 = Debug|iPhoneSimulator
		{AEDBCD59-1F99-4873-849C-00BCB1B8D1D8}.Debug|ARM.ActiveCfg = Debug|iPhone
		{AEDBCD59-1F99-4873-849C-00BCB1B8D1D8}.Debug|ARM.Build.0 = Debug|iPhone
		{AEDBCD59-1F99-4873-849C-00BCB1B8D1D8}.Debug|ARM.Deploy.0 = Debug|iPhone
		{AEDBCD59-1F99-4873-849C-00BCB1B8D1D8}.Debug|iPhone.ActiveCfg = Debug|iPhone
		{AEDBCD59-1F99-4873-849C-00BCB1B8D1D8}.Debug|iPhone.Build.0 = Debug|iPhone
		{AEDBCD59-1F99-4873-849C-00BCB1B8D1D8}.Debug|iPhone.Deploy.0 = Debug|iPhone
		{AEDBCD59-1F99-4873-849C-00BCB1B8D1D8}.Debug|iPhoneSimulator.ActiveCfg = Debug|iPhoneSimulator
		{AEDBCD59-1F99-4873-849C-00BCB1B8D1D8}.Debug|iPhoneSimulator.Build.0 = Debug|iPhoneSimulator
		{AEDBCD59-1F99-4873-849C-00BCB1B8D1D8}.Debug|iPhoneSimulator.Deploy.0 = Debug|iPhoneSimulator
		{AEDBCD59-1F99-4873-849C-00BCB1B8D1D8}.Debug|x64.ActiveCfg = Debug|iPhone
		{AEDBCD59-1F99-4873-849C-00BCB1B8D1D8}.Debug|x64.Build.0 = Debug|iPhone
		{AEDBCD59-1F99-4873-849C-00BCB1B8D1D8}.Debug|x64.Deploy.0 = Debug|iPhone
		{AEDBCD59-1F99-4873-849C-00BCB1B8D1D8}.Debug|x86.ActiveCfg = Debug|iPhone
		{AEDBCD59-1F99-4873-849C-00BCB1B8D1D8}.Debug|x86.Build.0 = Debug|iPhone
		{AEDBCD59-1F99-4873-849C-00BCB1B8D1D8}.Debug|x86.Deploy.0 = Debug|iPhone
		{AEDBCD59-1F99-4873-849C-00BCB1B8D1D8}.Release|Any CPU.ActiveCfg = Release|iPhone
		{AEDBCD59-1F99-4873-849C-00BCB1B8D1D8}.Release|Any CPU.Build.0 = Release|iPhone
		{AEDBCD59-1F99-4873-849C-00BCB1B8D1D8}.Release|Any CPU.Deploy.0 = Release|iPhone
		{AEDBCD59-1F99-4873-849C-00BCB1B8D1D8}.Release|ARM.ActiveCfg = Release|iPhone
		{AEDBCD59-1F99-4873-849C-00BCB1B8D1D8}.Release|ARM.Build.0 = Release|iPhone
		{AEDBCD59-1F99-4873-849C-00BCB1B8D1D8}.Release|ARM.Deploy.0 = Release|iPhone
		{AEDBCD59-1F99-4873-849C-00BCB1B8D1D8}.Release|iPhone.ActiveCfg = Release|iPhone
		{AEDBCD59-1F99-4873-849C-00BCB1B8D1D8}.Release|iPhone.Build.0 = Release|iPhone
		{AEDBCD59-1F99-4873-849C-00BCB1B8D1D8}.Release|iPhone.Deploy.0 = Release|iPhone
		{AEDBCD59-1F99-4873-849C-00BCB1B8D1D8}.Release|iPhoneSimulator.ActiveCfg = Release|iPhoneSimulator
		{AEDBCD59-1F99-4873-849C-00BCB1B8D1D8}.Release|iPhoneSimulator.Build.0 = Release|iPhoneSimulator
		{AEDBCD59-1F99-4873-849C-00BCB1B8D1D8}.Release|iPhoneSimulator.Deploy.0 = Release|iPhoneSimulator
		{AEDBCD59-1F99-4873-849C-00BCB1B8D1D8}.Release|x64.ActiveCfg = Release|iPhone
		{AEDBCD59-1F99-4873-849C-00BCB1B8D1D8}.Release|x64.Build.0 = Release|iPhone
		{AEDBCD59-1F99-4873-849C-00BCB1B8D1D8}.Release|x64.Deploy.0 = Release|iPhone
		{AEDBCD59-1F99-4873-849C-00BCB1B8D1D8}.Release|x86.ActiveCfg = Release|iPhone
		{AEDBCD59-1F99-4873-849C-00BCB1B8D1D8}.Release|x86.Build.0 = Release|iPhone
		{AEDBCD59-1F99-4873-849C-00BCB1B8D1D8}.Release|x86.Deploy.0 = Release|iPhone
		{8D06945F-5ED3-4207-956B-62A304FCBC13}.Ad-Hoc|Any CPU.ActiveCfg = Release|x86
		{8D06945F-5ED3-4207-956B-62A304FCBC13}.Ad-Hoc|Any CPU.Build.0 = Release|x86
		{8D06945F-5ED3-4207-956B-62A304FCBC13}.Ad-Hoc|Any CPU.Deploy.0 = Release|x86
		{8D06945F-5ED3-4207-956B-62A304FCBC13}.Ad-Hoc|ARM.ActiveCfg = Release|ARM
		{8D06945F-5ED3-4207-956B-62A304FCBC13}.Ad-Hoc|ARM.Build.0 = Release|ARM
		{8D06945F-5ED3-4207-956B-62A304FCBC13}.Ad-Hoc|ARM.Deploy.0 = Release|ARM
		{8D06945F-5ED3-4207-956B-62A304FCBC13}.Ad-Hoc|iPhone.ActiveCfg = Release|x86
		{8D06945F-5ED3-4207-956B-62A304FCBC13}.Ad-Hoc|iPhone.Build.0 = Release|x86
		{8D06945F-5ED3-4207-956B-62A304FCBC13}.Ad-Hoc|iPhone.Deploy.0 = Release|x86
		{8D06945F-5ED3-4207-956B-62A304FCBC13}.Ad-Hoc|iPhoneSimulator.ActiveCfg = Release|x86
		{8D06945F-5ED3-4207-956B-62A304FCBC13}.Ad-Hoc|iPhoneSimulator.Build.0 = Release|x86
		{8D06945F-5ED3-4207-956B-62A304FCBC13}.Ad-Hoc|iPhoneSimulator.Deploy.0 = Release|x86
		{8D06945F-5ED3-4207-956B-62A304FCBC13}.Ad-Hoc|x64.ActiveCfg = Release|x64
		{8D06945F-5ED3-4207-956B-62A304FCBC13}.Ad-Hoc|x64.Build.0 = Release|x64
		{8D06945F-5ED3-4207-956B-62A304FCBC13}.Ad-Hoc|x64.Deploy.0 = Release|x64
		{8D06945F-5ED3-4207-956B-62A304FCBC13}.Ad-Hoc|x86.ActiveCfg = Release|x86
		{8D06945F-5ED3-4207-956B-62A304FCBC13}.Ad-Hoc|x86.Build.0 = Release|x86
		{8D06945F-5ED3-4207-956B-62A304FCBC13}.Ad-Hoc|x86.Deploy.0 = Release|x86
		{8D06945F-5ED3-4207-956B-62A304FCBC13}.AppStore|Any CPU.ActiveCfg = Release|x86
		{8D06945F-5ED3-4207-956B-62A304FCBC13}.AppStore|Any CPU.Build.0 = Release|x86
		{8D06945F-5ED3-4207-956B-62A304FCBC13}.AppStore|Any CPU.Deploy.0 = Release|x86
		{8D06945F-5ED3-4207-956B-62A304FCBC13}.AppStore|ARM.ActiveCfg = Release|ARM
		{8D06945F-5ED3-4207-956B-62A304FCBC13}.AppStore|ARM.Build.0 = Release|ARM
		{8D06945F-5ED3-4207-956B-62A304FCBC13}.AppStore|ARM.Deploy.0 = Release|ARM
		{8D06945F-5ED3-4207-956B-62A304FCBC13}.AppStore|iPhone.ActiveCfg = Release|x86
		{8D06945F-5ED3-4207-956B-62A304FCBC13}.AppStore|iPhone.Build.0 = Release|x86
		{8D06945F-5ED3-4207-956B-62A304FCBC13}.AppStore|iPhone.Deploy.0 = Release|x86
		{8D06945F-5ED3-4207-956B-62A304FCBC13}.AppStore|iPhoneSimulator.ActiveCfg = Release|x86
		{8D06945F-5ED3-4207-956B-62A304FCBC13}.AppStore|iPhoneSimulator.Build.0 = Release|x86
		{8D06945F-5ED3-4207-956B-62A304FCBC13}.AppStore|iPhoneSimulator.Deploy.0 = Release|x86
		{8D06945F-5ED3-4207-956B-62A304FCBC13}.AppStore|x64.ActiveCfg = Release|x64
		{8D06945F-5ED3-4207-956B-62A304FCBC13}.AppStore|x64.Build.0 = Release|x64
		{8D06945F-5ED3-4207-956B-62A304FCBC13}.AppStore|x64.Deploy.0 = Release|x64
		{8D06945F-5ED3-4207-956B-62A304FCBC13}.AppStore|x86.ActiveCfg = Release|x86
		{8D06945F-5ED3-4207-956B-62A304FCBC13}.AppStore|x86.Build.0 = Release|x86
		{8D06945F-5ED3-4207-956B-62A304FCBC13}.AppStore|x86.Deploy.0 = Release|x86
		{8D06945F-5ED3-4207-956B-62A304FCBC13}.Debug|Any CPU.ActiveCfg = Debug|x86
		{8D06945F-5ED3-4207-956B-62A304FCBC13}.Debug|Any CPU.Build.0 = Debug|x86
		{8D06945F-5ED3-4207-956B-62A304FCBC13}.Debug|Any CPU.Deploy.0 = Debug|x86
		{8D06945F-5ED3-4207-956B-62A304FCBC13}.Debug|ARM.ActiveCfg = Debug|ARM
		{8D06945F-5ED3-4207-956B-62A304FCBC13}.Debug|ARM.Build.0 = Debug|ARM
		{8D06945F-5ED3-4207-956B-62A304FCBC13}.Debug|ARM.Deploy.0 = Debug|ARM
		{8D06945F-5ED3-4207-956B-62A304FCBC13}.Debug|iPhone.ActiveCfg = Debug|x86
		{8D06945F-5ED3-4207-956B-62A304FCBC13}.Debug|iPhone.Build.0 = Debug|x86
		{8D06945F-5ED3-4207-956B-62A304FCBC13}.Debug|iPhone.Deploy.0 = Debug|x86
		{8D06945F-5ED3-4207-956B-62A304FCBC13}.Debug|iPhoneSimulator.ActiveCfg = Debug|x86
		{8D06945F-5ED3-4207-956B-62A304FCBC13}.Debug|iPhoneSimulator.Build.0 = Debug|x86
		{8D06945F-5ED3-4207-956B-62A304FCBC13}.Debug|iPhoneSimulator.Deploy.0 = Debug|x86
		{8D06945F-5ED3-4207-956B-62A304FCBC13}.Debug|x64.ActiveCfg = Debug|x64
		{8D06945F-5ED3-4207-956B-62A304FCBC13}.Debug|x64.Build.0 = Debug|x64
		{8D06945F-5ED3-4207-956B-62A304FCBC13}.Debug|x64.Deploy.0 = Debug|x64
		{8D06945F-5ED3-4207-956B-62A304FCBC13}.Debug|x86.ActiveCfg = Debug|x86
		{8D06945F-5ED3-4207-956B-62A304FCBC13}.Debug|x86.Build.0 = Debug|x86
		{8D06945F-5ED3-4207-956B-62A304FCBC13}.Debug|x86.Deploy.0 = Debug|x86
		{8D06945F-5ED3-4207-956B-62A304FCBC13}.Release|Any CPU.ActiveCfg = Release|x86
		{8D06945F-5ED3-4207-956B-62A304FCBC13}.Release|Any CPU.Build.0 = Release|x86
		{8D06945F-5ED3-4207-956B-62A304FCBC13}.Release|Any CPU.Deploy.0 = Release|x86
		{8D06945F-5ED3-4207-956B-62A304FCBC13}.Release|ARM.ActiveCfg = Release|ARM
		{8D06945F-5ED3-4207-956B-62A304FCBC13}.Release|ARM.Build.0 = Release|ARM
		{8D06945F-5ED3-4207-956B-62A304FCBC13}.Release|ARM.Deploy.0 = Release|ARM
		{8D06945F-5ED3-4207-956B-62A304FCBC13}.Release|iPhone.ActiveCfg = Release|x86
		{8D06945F-5ED3-4207-956B-62A304FCBC13}.Release|iPhone.Build.0 = Release|x86
		{8D06945F-5ED3-4207-956B-62A304FCBC13}.Release|iPhone.Deploy.0 = Release|x86
		{8D06945F-5ED3-4207-956B-62A304FCBC13}.Release|iPhoneSimulator.ActiveCfg = Release|x86
		{8D06945F-5ED3-4207-956B-62A304FCBC13}.Release|iPhoneSimulator.Build.0 = Release|x86
		{8D06945F-5ED3-4207-956B-62A304FCBC13}.Release|iPhoneSimulator.Deploy.0 = Release|x86
		{8D06945F-5ED3-4207-956B-62A304FCBC13}.Release|x64.ActiveCfg = Release|x64
		{8D06945F-5ED3-4207-956B-62A304FCBC13}.Release|x64.Build.0 = Release|x64
		{8D06945F-5ED3-4207-956B-62A304FCBC13}.Release|x64.Deploy.0 = Release|x64
		{8D06945F-5ED3-4207-956B-62A304FCBC13}.Release|x86.ActiveCfg = Release|x86
		{8D06945F-5ED3-4207-956B-62A304FCBC13}.Release|x86.Build.0 = Release|x86
		{8D06945F-5ED3-4207-956B-62A304FCBC13}.Release|x86.Deploy.0 = Release|x86
		{C9AAA88E-496F-4E77-8293-587C9A6B5348}.Ad-Hoc|Any CPU.ActiveCfg = Debug|Any CPU
		{C9AAA88E-496F-4E77-8293-587C9A6B5348}.Ad-Hoc|Any CPU.Build.0 = Debug|Any CPU
		{C9AAA88E-496F-4E77-8293-587C9A6B5348}.Ad-Hoc|Any CPU.Deploy.0 = Debug|Any CPU
		{C9AAA88E-496F-4E77-8293-587C9A6B5348}.Ad-Hoc|ARM.ActiveCfg = Debug|Any CPU
		{C9AAA88E-496F-4E77-8293-587C9A6B5348}.Ad-Hoc|ARM.Build.0 = Debug|Any CPU
		{C9AAA88E-496F-4E77-8293-587C9A6B5348}.Ad-Hoc|ARM.Deploy.0 = Debug|Any CPU
		{C9AAA88E-496F-4E77-8293-587C9A6B5348}.Ad-Hoc|iPhone.ActiveCfg = Debug|Any CPU
		{C9AAA88E-496F-4E77-8293-587C9A6B5348}.Ad-Hoc|iPhone.Build.0 = Debug|Any CPU
		{C9AAA88E-496F-4E77-8293-587C9A6B5348}.Ad-Hoc|iPhone.Deploy.0 = Debug|Any CPU
		{C9AAA88E-496F-4E77-8293-587C9A6B5348}.Ad-Hoc|iPhoneSimulator.ActiveCfg = Debug|Any CPU
		{C9AAA88E-496F-4E77-8293-587C9A6B5348}.Ad-Hoc|iPhoneSimulator.Build.0 = Debug|Any CPU
		{C9AAA88E-496F-4E77-8293-587C9A6B5348}.Ad-Hoc|iPhoneSimulator.Deploy.0 = Debug|Any CPU
		{C9AAA88E-496F-4E77-8293-587C9A6B5348}.Ad-Hoc|x64.ActiveCfg = Debug|Any CPU
		{C9AAA88E-496F-4E77-8293-587C9A6B5348}.Ad-Hoc|x64.Build.0 = Debug|Any CPU
		{C9AAA88E-496F-4E77-8293-587C9A6B5348}.Ad-Hoc|x64.Deploy.0 = Debug|Any CPU
		{C9AAA88E-496F-4E77-8293-587C9A6B5348}.Ad-Hoc|x86.ActiveCfg = Debug|Any CPU
		{C9AAA88E-496F-4E77-8293-587C9A6B5348}.Ad-Hoc|x86.Build.0 = Debug|Any CPU
		{C9AAA88E-496F-4E77-8293-587C9A6B5348}.Ad-Hoc|x86.Deploy.0 = Debug|Any CPU
		{C9AAA88E-496F-4E77-8293-587C9A6B5348}.AppStore|Any CPU.ActiveCfg = Debug|Any CPU
		{C9AAA88E-496F-4E77-8293-587C9A6B5348}.AppStore|Any CPU.Build.0 = Debug|Any CPU
		{C9AAA88E-496F-4E77-8293-587C9A6B5348}.AppStore|Any CPU.Deploy.0 = Debug|Any CPU
		{C9AAA88E-496F-4E77-8293-587C9A6B5348}.AppStore|ARM.ActiveCfg = Debug|Any CPU
		{C9AAA88E-496F-4E77-8293-587C9A6B5348}.AppStore|ARM.Build.0 = Debug|Any CPU
		{C9AAA88E-496F-4E77-8293-587C9A6B5348}.AppStore|ARM.Deploy.0 = Debug|Any CPU
		{C9AAA88E-496F-4E77-8293-587C9A6B5348}.AppStore|iPhone.ActiveCfg = Debug|Any CPU
		{C9AAA88E-496F-4E77-8293-587C9A6B5348}.AppStore|iPhone.Build.0 = Debug|Any CPU
		{C9AAA88E-496F-4E77-8293-587C9A6B5348}.AppStore|iPhone.Deploy.0 = Debug|Any CPU
		{C9AAA88E-496F-4E77-8293-587C9A6B5348}.AppStore|iPhoneSimulator.ActiveCfg = Debug|Any CPU
		{C9AAA88E-496F-4E77-8293-587C9A6B5348}.AppStore|iPhoneSimulator.Build.0 = Debug|Any CPU
		{C9AAA88E-496F-4E77-8293-587C9A6B5348}.AppStore|iPhoneSimulator.Deploy.0 = Debug|Any CPU
		{C9AAA88E-496F-4E77-8293-587C9A6B5348}.AppStore|x64.ActiveCfg = Debug|Any CPU
		{C9AAA88E-496F-4E77-8293-587C9A6B5348}.AppStore|x64.Build.0 = Debug|Any CPU
		{C9AAA88E-496F-4E77-8293-587C9A6B5348}.AppStore|x64.Deploy.0 = Debug|Any CPU
		{C9AAA88E-496F-4E77-8293-587C9A6B5348}.AppStore|x86.ActiveCfg = Debug|Any CPU
		{C9AAA88E-496F-4E77-8293-587C9A6B5348}.AppStore|x86.Build.0 = Debug|Any CPU
		{C9AAA88E-496F-4E77-8293-587C9A6B5348}.AppStore|x86.Deploy.0 = Debug|Any CPU
		{C9AAA88E-496F-4E77-8293-587C9A6B5348}.Debug|Any CPU.ActiveCfg = Debug|Any CPU
		{C9AAA88E-496F-4E77-8293-587C9A6B5348}.Debug|Any CPU.Build.0 = Debug|Any CPU
		{C9AAA88E-496F-4E77-8293-587C9A6B5348}.Debug|Any CPU.Deploy.0 = Debug|Any CPU
		{C9AAA88E-496F-4E77-8293-587C9A6B5348}.Debug|ARM.ActiveCfg = Debug|Any CPU
		{C9AAA88E-496F-4E77-8293-587C9A6B5348}.Debug|ARM.Build.0 = Debug|Any CPU
		{C9AAA88E-496F-4E77-8293-587C9A6B5348}.Debug|ARM.Deploy.0 = Debug|Any CPU
		{C9AAA88E-496F-4E77-8293-587C9A6B5348}.Debug|iPhone.ActiveCfg = Debug|Any CPU
		{C9AAA88E-496F-4E77-8293-587C9A6B5348}.Debug|iPhone.Build.0 = Debug|Any CPU
		{C9AAA88E-496F-4E77-8293-587C9A6B5348}.Debug|iPhone.Deploy.0 = Debug|Any CPU
		{C9AAA88E-496F-4E77-8293-587C9A6B5348}.Debug|iPhoneSimulator.ActiveCfg = Debug|Any CPU
		{C9AAA88E-496F-4E77-8293-587C9A6B5348}.Debug|iPhoneSimulator.Build.0 = Debug|Any CPU
		{C9AAA88E-496F-4E77-8293-587C9A6B5348}.Debug|iPhoneSimulator.Deploy.0 = Debug|Any CPU
		{C9AAA88E-496F-4E77-8293-587C9A6B5348}.Debug|x64.ActiveCfg = Debug|Any CPU
		{C9AAA88E-496F-4E77-8293-587C9A6B5348}.Debug|x64.Build.0 = Debug|Any CPU
		{C9AAA88E-496F-4E77-8293-587C9A6B5348}.Debug|x64.Deploy.0 = Debug|Any CPU
		{C9AAA88E-496F-4E77-8293-587C9A6B5348}.Debug|x86.ActiveCfg = Debug|Any CPU
		{C9AAA88E-496F-4E77-8293-587C9A6B5348}.Debug|x86.Build.0 = Debug|Any CPU
		{C9AAA88E-496F-4E77-8293-587C9A6B5348}.Debug|x86.Deploy.0 = Debug|Any CPU
		{C9AAA88E-496F-4E77-8293-587C9A6B5348}.Release|Any CPU.ActiveCfg = Release|Any CPU
		{C9AAA88E-496F-4E77-8293-587C9A6B5348}.Release|Any CPU.Build.0 = Release|Any CPU
		{C9AAA88E-496F-4E77-8293-587C9A6B5348}.Release|Any CPU.Deploy.0 = Release|Any CPU
		{C9AAA88E-496F-4E77-8293-587C9A6B5348}.Release|ARM.ActiveCfg = Release|Any CPU
		{C9AAA88E-496F-4E77-8293-587C9A6B5348}.Release|ARM.Build.0 = Release|Any CPU
		{C9AAA88E-496F-4E77-8293-587C9A6B5348}.Release|ARM.Deploy.0 = Release|Any CPU
		{C9AAA88E-496F-4E77-8293-587C9A6B5348}.Release|iPhone.ActiveCfg = Release|Any CPU
		{C9AAA88E-496F-4E77-8293-587C9A6B5348}.Release|iPhone.Build.0 = Release|Any CPU
		{C9AAA88E-496F-4E77-8293-587C9A6B5348}.Release|iPhone.Deploy.0 = Release|Any CPU
		{C9AAA88E-496F-4E77-8293-587C9A6B5348}.Release|iPhoneSimulator.ActiveCfg = Release|Any CPU
		{C9AAA88E-496F-4E77-8293-587C9A6B5348}.Release|iPhoneSimulator.Build.0 = Release|Any CPU
		{C9AAA88E-496F-4E77-8293-587C9A6B5348}.Release|iPhoneSimulator.Deploy.0 = Release|Any CPU
		{C9AAA88E-496F-4E77-8293-587C9A6B5348}.Release|x64.ActiveCfg = Release|Any CPU
		{C9AAA88E-496F-4E77-8293-587C9A6B5348}.Release|x64.Build.0 = Release|Any CPU
		{C9AAA88E-496F-4E77-8293-587C9A6B5348}.Release|x64.Deploy.0 = Release|Any CPU
		{C9AAA88E-496F-4E77-8293-587C9A6B5348}.Release|x86.ActiveCfg = Release|Any CPU
		{C9AAA88E-496F-4E77-8293-587C9A6B5348}.Release|x86.Build.0 = Release|Any CPU
		{C9AAA88E-496F-4E77-8293-587C9A6B5348}.Release|x86.Deploy.0 = Release|Any CPU
	EndGlobalSection
	GlobalSection(SolutionProperties) = preSolution
		HideSolutionNode = FALSE
	EndGlobalSection
	GlobalSection(ExtensibilityGlobals) = postSolution
		SolutionGuid = {93C9A169-8984-4403-A1AE-1F598F1F4EB1}
	EndGlobalSection
EndGlobal
